// !$*UTF8*$!
{
	archiveVersion = 1;
	classes = {
	};
	objectVersion = 46;
	objects = {

/* Begin PBXBuildFile section */
		D056686A1A1C6F5E002FEC80 /* TestAutoLayoutStoryboard.storyboard in Resources */ = {isa = PBXBuildFile; fileRef = D05668691A1C6F5E002FEC80 /* TestAutoLayoutStoryboard.storyboard */; };
		D056686C1A1DC4CC002FEC80 /* TestViewController.swift in Sources */ = {isa = PBXBuildFile; fileRef = D056686B1A1DC4CC002FEC80 /* TestViewController.swift */; };
		D08241B31A1DF897009FC2A5 /* CustomerTabBarViewController.swift in Sources */ = {isa = PBXBuildFile; fileRef = D08241B21A1DF897009FC2A5 /* CustomerTabBarViewController.swift */; };
		D083E9011A15F11200ADA68E /* IOS8Text@2x.png in Resources */ = {isa = PBXBuildFile; fileRef = D083E9001A15F11200ADA68E /* IOS8Text@2x.png */; };
		D094D5CB1A19C43700BFEB53 /* TodoListTabBar.swift in Sources */ = {isa = PBXBuildFile; fileRef = D094D5C91A19C43700BFEB53 /* TodoListTabBar.swift */; };
		D094D5CC1A19C43700BFEB53 /* TodoListTabBar.xib in Resources */ = {isa = PBXBuildFile; fileRef = D094D5CA1A19C43700BFEB53 /* TodoListTabBar.xib */; };
		D094D5CE1A19C97000BFEB53 /* emergencyTask@2x.png in Resources */ = {isa = PBXBuildFile; fileRef = D094D5CD1A19C97000BFEB53 /* emergencyTask@2x.png */; };
		D0C299411A13638C006F8786 /* CheckBox.swift in Sources */ = {isa = PBXBuildFile; fileRef = D0C299401A13638C006F8786 /* CheckBox.swift */; };
		D0CC8BCC1A1448810001A82A /* TodoItemCell.xib in Resources */ = {isa = PBXBuildFile; fileRef = D0CC8BCB1A1448810001A82A /* TodoItemCell.xib */; };
		D0CC8BD31A144F550001A82A /* icon_checkbox_default@2x.png in Resources */ = {isa = PBXBuildFile; fileRef = D0CC8BD11A144F550001A82A /* icon_checkbox_default@2x.png */; };
		D0CC8BD41A144F550001A82A /* icon_checkbox_selected@2x.png in Resources */ = {isa = PBXBuildFile; fileRef = D0CC8BD21A144F550001A82A /* icon_checkbox_selected@2x.png */; };
		D0CC8BD61A14500E0001A82A /* iii@2x.png in Resources */ = {isa = PBXBuildFile; fileRef = D0CC8BD51A14500E0001A82A /* iii@2x.png */; };
		D0CC8BDD1A14865E0001A82A /* TodoItemTableViewCell.swift in Sources */ = {isa = PBXBuildFile; fileRef = D0CC8BDC1A14865E0001A82A /* TodoItemTableViewCell.swift */; };
		D0CC8BE41A14A8460001A82A /* HeaderVC.swift in Sources */ = {isa = PBXBuildFile; fileRef = D0CC8BE21A14A8460001A82A /* HeaderVC.swift */; };
		D0CC8BE51A14A8460001A82A /* HeaderVC.xib in Resources */ = {isa = PBXBuildFile; fileRef = D0CC8BE31A14A8460001A82A /* HeaderVC.xib */; };
		D0DE7C3D1A1B1CB100C206F5 /* icon-afternoon_tea@2x.png in Resources */ = {isa = PBXBuildFile; fileRef = D0DE7C3A1A1B1CB100C206F5 /* icon-afternoon_tea@2x.png */; };
		D0DE7C3E1A1B1CB100C206F5 /* icon-contacts@2x.png in Resources */ = {isa = PBXBuildFile; fileRef = D0DE7C3B1A1B1CB100C206F5 /* icon-contacts@2x.png */; };
		D0DE7C3F1A1B1CB100C206F5 /* icon-more@2x.png in Resources */ = {isa = PBXBuildFile; fileRef = D0DE7C3C1A1B1CB100C206F5 /* icon-more@2x.png */; };
		D0DE7C411A1B4BC800C206F5 /* NewTaskViewController.swift in Sources */ = {isa = PBXBuildFile; fileRef = D0DE7C401A1B4BC800C206F5 /* NewTaskViewController.swift */; };
		D0DE7C431A1B50AF00C206F5 /* TableViewController.swift in Sources */ = {isa = PBXBuildFile; fileRef = D0DE7C421A1B50AF00C206F5 /* TableViewController.swift */; };
		F743606E1A01E3FC00B58E66 /* TodoListDateTableViewController.swift in Sources */ = {isa = PBXBuildFile; fileRef = F743606D1A01E3FC00B58E66 /* TodoListDateTableViewController.swift */; };
		F74360711A02101300B58E66 /* icon-calendar@2x.png in Resources */ = {isa = PBXBuildFile; fileRef = F74360701A02101300B58E66 /* icon-calendar@2x.png */; };
		F74A338F19FFA04F00F5BA5A /* TodoListBaseCell.swift in Sources */ = {isa = PBXBuildFile; fileRef = F74A338E19FFA04F00F5BA5A /* TodoListBaseCell.swift */; };
		F74A339219FFA1D300F5BA5A /* TodoListCheckCell.swift in Sources */ = {isa = PBXBuildFile; fileRef = F74A339119FFA1D300F5BA5A /* TodoListCheckCell.swift */; };
		F74A339519FFA34800F5BA5A /* TodoListDescriptor.swift in Sources */ = {isa = PBXBuildFile; fileRef = F74A339419FFA34800F5BA5A /* TodoListDescriptor.swift */; };
		F74A339719FFA35F00F5BA5A /* TodoListRowDescriptor.swift in Sources */ = {isa = PBXBuildFile; fileRef = F74A339619FFA35F00F5BA5A /* TodoListRowDescriptor.swift */; };
		F74A339919FFA38000F5BA5A /* TodoListSectionDescriptor.swift in Sources */ = {isa = PBXBuildFile; fileRef = F74A339819FFA38000F5BA5A /* TodoListSectionDescriptor.swift */; };
		F74A339B19FFA8F300F5BA5A /* TodoListPickerCell.swift in Sources */ = {isa = PBXBuildFile; fileRef = F74A339A19FFA8F300F5BA5A /* TodoListPickerCell.swift */; };
		F74A339D19FFA92600F5BA5A /* TodoListDateCell.swift in Sources */ = {isa = PBXBuildFile; fileRef = F74A339C19FFA92600F5BA5A /* TodoListDateCell.swift */; };
		F78A8B381A357E4B00CBA32E /* burger@2x.png in Resources */ = {isa = PBXBuildFile; fileRef = F78A8B371A357E4B00CBA32E /* burger@2x.png */; };
		F78A8B3B1A35847800CBA32E /* ENSideMenu.swift in Sources */ = {isa = PBXBuildFile; fileRef = F78A8B391A35847800CBA32E /* ENSideMenu.swift */; };
		F78A8B3C1A35847800CBA32E /* ENSideMenuNavigationController.swift in Sources */ = {isa = PBXBuildFile; fileRef = F78A8B3A1A35847800CBA32E /* ENSideMenuNavigationController.swift */; };
		F78A8B3E1A3584CA00CBA32E /* SideBarTableViewController.swift in Sources */ = {isa = PBXBuildFile; fileRef = F78A8B3D1A3584CA00CBA32E /* SideBarTableViewController.swift */; };
		F78A8B401A35894300CBA32E /* SideBarNavigation.swift in Sources */ = {isa = PBXBuildFile; fileRef = F78A8B3F1A35894300CBA32E /* SideBarNavigation.swift */; };
		F79610CA19FF737600F7EC51 /* AppDelegate.swift in Sources */ = {isa = PBXBuildFile; fileRef = F79610C919FF737600F7EC51 /* AppDelegate.swift */; };
		F79610CC19FF737600F7EC51 /* ViewController.swift in Sources */ = {isa = PBXBuildFile; fileRef = F79610CB19FF737600F7EC51 /* ViewController.swift */; };
		F79610CF19FF737600F7EC51 /* Main.storyboard in Resources */ = {isa = PBXBuildFile; fileRef = F79610CD19FF737600F7EC51 /* Main.storyboard */; };
		F79610D119FF737600F7EC51 /* Images.xcassets in Resources */ = {isa = PBXBuildFile; fileRef = F79610D019FF737600F7EC51 /* Images.xcassets */; };
		F79610D419FF737600F7EC51 /* LaunchScreen.xib in Resources */ = {isa = PBXBuildFile; fileRef = F79610D219FF737600F7EC51 /* LaunchScreen.xib */; };
		F79610E019FF737600F7EC51 /* ToDoListAppTests.swift in Sources */ = {isa = PBXBuildFile; fileRef = F79610DF19FF737600F7EC51 /* ToDoListAppTests.swift */; };
		F79610EC19FF74C800F7EC51 /* TodoListHelper.swift in Sources */ = {isa = PBXBuildFile; fileRef = F79610E919FF74C800F7EC51 /* TodoListHelper.swift */; };
		F79610ED19FF74C800F7EC51 /* TodoListTableViewController.swift in Sources */ = {isa = PBXBuildFile; fileRef = F79610EA19FF74C800F7EC51 /* TodoListTableViewController.swift */; };
		F79610EE19FF74C800F7EC51 /* UserAddVC.swift in Sources */ = {isa = PBXBuildFile; fileRef = F79610EB19FF74C800F7EC51 /* UserAddVC.swift */; };
		F79B6E861A2F20DB007880A7 /* FrameView.swift in Sources */ = {isa = PBXBuildFile; fileRef = F79B6E7D1A2F20DB007880A7 /* FrameView.swift */; };
		F79B6E871A2F20DB007880A7 /* HUDAssets.swift in Sources */ = {isa = PBXBuildFile; fileRef = F79B6E7E1A2F20DB007880A7 /* HUDAssets.swift */; };
		F79B6E881A2F20DB007880A7 /* HUDContentView.swift in Sources */ = {isa = PBXBuildFile; fileRef = F79B6E7F1A2F20DB007880A7 /* HUDContentView.swift */; };
		F79B6E891A2F20DB007880A7 /* HUDController.swift in Sources */ = {isa = PBXBuildFile; fileRef = F79B6E801A2F20DB007880A7 /* HUDController.swift */; };
		F79B6E8A1A2F20DB007880A7 /* Images.xcassets in Resources */ = {isa = PBXBuildFile; fileRef = F79B6E811A2F20DB007880A7 /* Images.xcassets */; };
		F79B6E8B1A2F20DB007880A7 /* Info.plist in Resources */ = {isa = PBXBuildFile; fileRef = F79B6E821A2F20DB007880A7 /* Info.plist */; };
		F79B6E8C1A2F20DB007880A7 /* Window.swift in Sources */ = {isa = PBXBuildFile; fileRef = F79B6E841A2F20DB007880A7 /* Window.swift */; };
		F79B6E8D1A2F20DB007880A7 /* WindowRootViewController.swift in Sources */ = {isa = PBXBuildFile; fileRef = F79B6E851A2F20DB007880A7 /* WindowRootViewController.swift */; };
		F79DE9251A37E544000DF3CE /* AudioToolbox.framework in Frameworks */ = {isa = PBXBuildFile; fileRef = F79DE9241A37E544000DF3CE /* AudioToolbox.framework */; };
		F79DE92D1A37F8C1000DF3CE /* Alarm.mp3 in Resources */ = {isa = PBXBuildFile; fileRef = F79DE92C1A37F8C1000DF3CE /* Alarm.mp3 */; };
		F7A5F36D1A3AC85F00B69D84 /* AMWaveTransition.m in Sources */ = {isa = PBXBuildFile; fileRef = F7A5F36A1A3AC85F00B69D84 /* AMWaveTransition.m */; };
		F7A5F36E1A3AC85F00B69D84 /* AMWaveViewController.m in Sources */ = {isa = PBXBuildFile; fileRef = F7A5F36C1A3AC85F00B69D84 /* AMWaveViewController.m */; };
		F7BFCC9A1A25C4B700596828 /* SwiftData.swift in Sources */ = {isa = PBXBuildFile; fileRef = F7BFCC991A25C4B700596828 /* SwiftData.swift */; };
		F7BFCC9C1A25C57200596828 /* libsqlite3.dylib in Frameworks */ = {isa = PBXBuildFile; fileRef = F7BFCC9B1A25C57200596828 /* libsqlite3.dylib */; };
		F7BFCCA01A25C67800596828 /* bridging.m in Sources */ = {isa = PBXBuildFile; fileRef = F7BFCC9F1A25C67800596828 /* bridging.m */; };
		F7BFCCA21A25D89A00596828 /* SqliteHelper.swift in Sources */ = {isa = PBXBuildFile; fileRef = F7BFCCA11A25D89A00596828 /* SqliteHelper.swift */; };
		F7BFCCA51A26FE5500596828 /* GenerateString.swift in Sources */ = {isa = PBXBuildFile; fileRef = F7BFCCA41A26FE5500596828 /* GenerateString.swift */; };
		F7BFCCA81A2704C200596828 /* ExtensionString.swift in Sources */ = {isa = PBXBuildFile; fileRef = F7BFCCA71A2704C200596828 /* ExtensionString.swift */; };
		F7BFCCAB1A27085B00596828 /* NSString+MessageDigest.m in Sources */ = {isa = PBXBuildFile; fileRef = F7BFCCAA1A27085B00596828 /* NSString+MessageDigest.m */; };
		F7EAABE01A36DBC70054E6C3 /* icon_emergency@2x.png in Resources */ = {isa = PBXBuildFile; fileRef = F7EAABDB1A36DBC70054E6C3 /* icon_emergency@2x.png */; };
		F7EAABE11A36DBC70054E6C3 /* icon_finishTask@2x.png in Resources */ = {isa = PBXBuildFile; fileRef = F7EAABDC1A36DBC70054E6C3 /* icon_finishTask@2x.png */; };
		F7EAABE21A36DBC70054E6C3 /* icon_hasFinishTask@2x.png in Resources */ = {isa = PBXBuildFile; fileRef = F7EAABDD1A36DBC70054E6C3 /* icon_hasFinishTask@2x.png */; };
		F7EAABE31A36DBC70054E6C3 /* icon_sort@2x.png in Resources */ = {isa = PBXBuildFile; fileRef = F7EAABDE1A36DBC70054E6C3 /* icon_sort@2x.png */; };
		F7EAABE41A36DBC70054E6C3 /* icon_todoTask@2x.png in Resources */ = {isa = PBXBuildFile; fileRef = F7EAABDF1A36DBC70054E6C3 /* icon_todoTask@2x.png */; };
		F7F7D84E1A0082D800D3B7B9 /* TodoListDate.storyboard in Resources */ = {isa = PBXBuildFile; fileRef = F7F7D84D1A0082D800D3B7B9 /* TodoListDate.storyboard */; };
		F7F7D8501A00855F00D3B7B9 /* DatePickerController.swift in Sources */ = {isa = PBXBuildFile; fileRef = F7F7D84F1A00855F00D3B7B9 /* DatePickerController.swift */; };
/* End PBXBuildFile section */

/* Begin PBXContainerItemProxy section */
		F79610DA19FF737600F7EC51 /* PBXContainerItemProxy */ = {
			isa = PBXContainerItemProxy;
			containerPortal = F79610BC19FF737600F7EC51 /* Project object */;
			proxyType = 1;
			remoteGlobalIDString = F79610C319FF737600F7EC51;
			remoteInfo = ToDoListApp;
		};
/* End PBXContainerItemProxy section */

/* Begin PBXFileReference section */
		D05668691A1C6F5E002FEC80 /* TestAutoLayoutStoryboard.storyboard */ = {isa = PBXFileReference; fileEncoding = 4; lastKnownFileType = file.storyboard; path = TestAutoLayoutStoryboard.storyboard; sourceTree = "<group>"; };
		D056686B1A1DC4CC002FEC80 /* TestViewController.swift */ = {isa = PBXFileReference; fileEncoding = 4; lastKnownFileType = sourcecode.swift; path = TestViewController.swift; sourceTree = "<group>"; };
		D08241B21A1DF897009FC2A5 /* CustomerTabBarViewController.swift */ = {isa = PBXFileReference; fileEncoding = 4; lastKnownFileType = sourcecode.swift; path = CustomerTabBarViewController.swift; sourceTree = "<group>"; };
		D083E9001A15F11200ADA68E /* IOS8Text@2x.png */ = {isa = PBXFileReference; lastKnownFileType = image.png; path = "IOS8Text@2x.png"; sourceTree = "<group>"; };
		D094D5C91A19C43700BFEB53 /* TodoListTabBar.swift */ = {isa = PBXFileReference; fileEncoding = 4; lastKnownFileType = sourcecode.swift; path = TodoListTabBar.swift; sourceTree = "<group>"; };
		D094D5CA1A19C43700BFEB53 /* TodoListTabBar.xib */ = {isa = PBXFileReference; fileEncoding = 4; lastKnownFileType = file.xib; path = TodoListTabBar.xib; sourceTree = "<group>"; };
		D094D5CD1A19C97000BFEB53 /* emergencyTask@2x.png */ = {isa = PBXFileReference; lastKnownFileType = image.png; path = "emergencyTask@2x.png"; sourceTree = "<group>"; };
		D0C299401A13638C006F8786 /* CheckBox.swift */ = {isa = PBXFileReference; fileEncoding = 4; lastKnownFileType = sourcecode.swift; path = CheckBox.swift; sourceTree = "<group>"; };
		D0CC8BCB1A1448810001A82A /* TodoItemCell.xib */ = {isa = PBXFileReference; fileEncoding = 4; lastKnownFileType = file.xib; path = TodoItemCell.xib; sourceTree = "<group>"; };
		D0CC8BD11A144F550001A82A /* icon_checkbox_default@2x.png */ = {isa = PBXFileReference; lastKnownFileType = image.png; path = "icon_checkbox_default@2x.png"; sourceTree = "<group>"; };
		D0CC8BD21A144F550001A82A /* icon_checkbox_selected@2x.png */ = {isa = PBXFileReference; lastKnownFileType = image.png; path = "icon_checkbox_selected@2x.png"; sourceTree = "<group>"; };
		D0CC8BD51A14500E0001A82A /* iii@2x.png */ = {isa = PBXFileReference; lastKnownFileType = image.png; path = "iii@2x.png"; sourceTree = "<group>"; };
		D0CC8BDC1A14865E0001A82A /* TodoItemTableViewCell.swift */ = {isa = PBXFileReference; fileEncoding = 4; lastKnownFileType = sourcecode.swift; path = TodoItemTableViewCell.swift; sourceTree = "<group>"; };
		D0CC8BE21A14A8460001A82A /* HeaderVC.swift */ = {isa = PBXFileReference; fileEncoding = 4; lastKnownFileType = sourcecode.swift; path = HeaderVC.swift; sourceTree = "<group>"; };
		D0CC8BE31A14A8460001A82A /* HeaderVC.xib */ = {isa = PBXFileReference; fileEncoding = 4; lastKnownFileType = file.xib; path = HeaderVC.xib; sourceTree = "<group>"; };
		D0DE7C3A1A1B1CB100C206F5 /* icon-afternoon_tea@2x.png */ = {isa = PBXFileReference; lastKnownFileType = image.png; path = "icon-afternoon_tea@2x.png"; sourceTree = "<group>"; };
		D0DE7C3B1A1B1CB100C206F5 /* icon-contacts@2x.png */ = {isa = PBXFileReference; lastKnownFileType = image.png; path = "icon-contacts@2x.png"; sourceTree = "<group>"; };
		D0DE7C3C1A1B1CB100C206F5 /* icon-more@2x.png */ = {isa = PBXFileReference; lastKnownFileType = image.png; path = "icon-more@2x.png"; sourceTree = "<group>"; };
		D0DE7C401A1B4BC800C206F5 /* NewTaskViewController.swift */ = {isa = PBXFileReference; fileEncoding = 4; lastKnownFileType = sourcecode.swift; path = NewTaskViewController.swift; sourceTree = "<group>"; };
		D0DE7C421A1B50AF00C206F5 /* TableViewController.swift */ = {isa = PBXFileReference; fileEncoding = 4; lastKnownFileType = sourcecode.swift; path = TableViewController.swift; sourceTree = "<group>"; };
		F743606D1A01E3FC00B58E66 /* TodoListDateTableViewController.swift */ = {isa = PBXFileReference; fileEncoding = 4; lastKnownFileType = sourcecode.swift; path = TodoListDateTableViewController.swift; sourceTree = "<group>"; };
		F74360701A02101300B58E66 /* icon-calendar@2x.png */ = {isa = PBXFileReference; lastKnownFileType = image.png; path = "icon-calendar@2x.png"; sourceTree = "<group>"; };
		F74A338E19FFA04F00F5BA5A /* TodoListBaseCell.swift */ = {isa = PBXFileReference; fileEncoding = 4; lastKnownFileType = sourcecode.swift; path = TodoListBaseCell.swift; sourceTree = "<group>"; };
		F74A339119FFA1D300F5BA5A /* TodoListCheckCell.swift */ = {isa = PBXFileReference; fileEncoding = 4; lastKnownFileType = sourcecode.swift; path = TodoListCheckCell.swift; sourceTree = "<group>"; };
		F74A339419FFA34800F5BA5A /* TodoListDescriptor.swift */ = {isa = PBXFileReference; fileEncoding = 4; lastKnownFileType = sourcecode.swift; path = TodoListDescriptor.swift; sourceTree = "<group>"; };
		F74A339619FFA35F00F5BA5A /* TodoListRowDescriptor.swift */ = {isa = PBXFileReference; fileEncoding = 4; lastKnownFileType = sourcecode.swift; path = TodoListRowDescriptor.swift; sourceTree = "<group>"; };
		F74A339819FFA38000F5BA5A /* TodoListSectionDescriptor.swift */ = {isa = PBXFileReference; fileEncoding = 4; lastKnownFileType = sourcecode.swift; lineEnding = 0; path = TodoListSectionDescriptor.swift; sourceTree = "<group>"; xcLanguageSpecificationIdentifier = xcode.lang.swift; };
		F74A339A19FFA8F300F5BA5A /* TodoListPickerCell.swift */ = {isa = PBXFileReference; fileEncoding = 4; lastKnownFileType = sourcecode.swift; path = TodoListPickerCell.swift; sourceTree = "<group>"; };
		F74A339C19FFA92600F5BA5A /* TodoListDateCell.swift */ = {isa = PBXFileReference; fileEncoding = 4; lastKnownFileType = sourcecode.swift; path = TodoListDateCell.swift; sourceTree = "<group>"; };
		F78A8B371A357E4B00CBA32E /* burger@2x.png */ = {isa = PBXFileReference; lastKnownFileType = image.png; path = "burger@2x.png"; sourceTree = "<group>"; };
		F78A8B391A35847800CBA32E /* ENSideMenu.swift */ = {isa = PBXFileReference; fileEncoding = 4; lastKnownFileType = sourcecode.swift; path = ENSideMenu.swift; sourceTree = "<group>"; };
		F78A8B3A1A35847800CBA32E /* ENSideMenuNavigationController.swift */ = {isa = PBXFileReference; fileEncoding = 4; lastKnownFileType = sourcecode.swift; path = ENSideMenuNavigationController.swift; sourceTree = "<group>"; };
		F78A8B3D1A3584CA00CBA32E /* SideBarTableViewController.swift */ = {isa = PBXFileReference; fileEncoding = 4; lastKnownFileType = sourcecode.swift; path = SideBarTableViewController.swift; sourceTree = "<group>"; };
		F78A8B3F1A35894300CBA32E /* SideBarNavigation.swift */ = {isa = PBXFileReference; fileEncoding = 4; lastKnownFileType = sourcecode.swift; path = SideBarNavigation.swift; sourceTree = "<group>"; };
		F79610C419FF737600F7EC51 /* ToDoListApp.app */ = {isa = PBXFileReference; explicitFileType = wrapper.application; includeInIndex = 0; path = ToDoListApp.app; sourceTree = BUILT_PRODUCTS_DIR; };
		F79610C819FF737600F7EC51 /* Info.plist */ = {isa = PBXFileReference; lastKnownFileType = text.plist.xml; path = Info.plist; sourceTree = "<group>"; };
		F79610C919FF737600F7EC51 /* AppDelegate.swift */ = {isa = PBXFileReference; lastKnownFileType = sourcecode.swift; path = AppDelegate.swift; sourceTree = "<group>"; };
		F79610CB19FF737600F7EC51 /* ViewController.swift */ = {isa = PBXFileReference; lastKnownFileType = sourcecode.swift; path = ViewController.swift; sourceTree = "<group>"; };
		F79610CE19FF737600F7EC51 /* Base */ = {isa = PBXFileReference; lastKnownFileType = file.storyboard; name = Base; path = Base.lproj/Main.storyboard; sourceTree = "<group>"; };
		F79610D019FF737600F7EC51 /* Images.xcassets */ = {isa = PBXFileReference; lastKnownFileType = folder.assetcatalog; path = Images.xcassets; sourceTree = "<group>"; };
		F79610D319FF737600F7EC51 /* Base */ = {isa = PBXFileReference; lastKnownFileType = file.xib; name = Base; path = Base.lproj/LaunchScreen.xib; sourceTree = "<group>"; };
		F79610D919FF737600F7EC51 /* ToDoListAppTests.xctest */ = {isa = PBXFileReference; explicitFileType = wrapper.cfbundle; includeInIndex = 0; path = ToDoListAppTests.xctest; sourceTree = BUILT_PRODUCTS_DIR; };
		F79610DE19FF737600F7EC51 /* Info.plist */ = {isa = PBXFileReference; lastKnownFileType = text.plist.xml; path = Info.plist; sourceTree = "<group>"; };
		F79610DF19FF737600F7EC51 /* ToDoListAppTests.swift */ = {isa = PBXFileReference; lastKnownFileType = sourcecode.swift; path = ToDoListAppTests.swift; sourceTree = "<group>"; };
		F79610E919FF74C800F7EC51 /* TodoListHelper.swift */ = {isa = PBXFileReference; fileEncoding = 4; lastKnownFileType = sourcecode.swift; path = TodoListHelper.swift; sourceTree = "<group>"; };
		F79610EA19FF74C800F7EC51 /* TodoListTableViewController.swift */ = {isa = PBXFileReference; fileEncoding = 4; lastKnownFileType = sourcecode.swift; lineEnding = 0; name = TodoListTableViewController.swift; path = ../TodoListTableViewController.swift; sourceTree = "<group>"; xcLanguageSpecificationIdentifier = xcode.lang.swift; };
		F79610EB19FF74C800F7EC51 /* UserAddVC.swift */ = {isa = PBXFileReference; fileEncoding = 4; lastKnownFileType = sourcecode.swift; name = UserAddVC.swift; path = ../UserAddVC.swift; sourceTree = "<group>"; };
		F79B6E7D1A2F20DB007880A7 /* FrameView.swift */ = {isa = PBXFileReference; fileEncoding = 4; lastKnownFileType = sourcecode.swift; path = FrameView.swift; sourceTree = "<group>"; };
		F79B6E7E1A2F20DB007880A7 /* HUDAssets.swift */ = {isa = PBXFileReference; fileEncoding = 4; lastKnownFileType = sourcecode.swift; path = HUDAssets.swift; sourceTree = "<group>"; };
		F79B6E7F1A2F20DB007880A7 /* HUDContentView.swift */ = {isa = PBXFileReference; fileEncoding = 4; lastKnownFileType = sourcecode.swift; path = HUDContentView.swift; sourceTree = "<group>"; };
		F79B6E801A2F20DB007880A7 /* HUDController.swift */ = {isa = PBXFileReference; fileEncoding = 4; lastKnownFileType = sourcecode.swift; path = HUDController.swift; sourceTree = "<group>"; };
		F79B6E811A2F20DB007880A7 /* Images.xcassets */ = {isa = PBXFileReference; lastKnownFileType = folder.assetcatalog; path = Images.xcassets; sourceTree = "<group>"; };
		F79B6E821A2F20DB007880A7 /* Info.plist */ = {isa = PBXFileReference; fileEncoding = 4; lastKnownFileType = text.plist.xml; path = Info.plist; sourceTree = "<group>"; };
		F79B6E831A2F20DB007880A7 /* PKHUD.h */ = {isa = PBXFileReference; fileEncoding = 4; lastKnownFileType = sourcecode.c.h; path = PKHUD.h; sourceTree = "<group>"; };
		F79B6E841A2F20DB007880A7 /* Window.swift */ = {isa = PBXFileReference; fileEncoding = 4; lastKnownFileType = sourcecode.swift; path = Window.swift; sourceTree = "<group>"; };
		F79B6E851A2F20DB007880A7 /* WindowRootViewController.swift */ = {isa = PBXFileReference; fileEncoding = 4; lastKnownFileType = sourcecode.swift; path = WindowRootViewController.swift; sourceTree = "<group>"; };
		F79DE9241A37E544000DF3CE /* AudioToolbox.framework */ = {isa = PBXFileReference; lastKnownFileType = wrapper.framework; name = AudioToolbox.framework; path = System/Library/Frameworks/AudioToolbox.framework; sourceTree = SDKROOT; };
		F79DE9261A37E544000DF3CE /* ToDoListApp.entitlements */ = {isa = PBXFileReference; lastKnownFileType = text.xml; path = ToDoListApp.entitlements; sourceTree = "<group>"; };
		F79DE92C1A37F8C1000DF3CE /* Alarm.mp3 */ = {isa = PBXFileReference; lastKnownFileType = audio.mp3; name = Alarm.mp3; path = image/Alarm.mp3; sourceTree = "<group>"; };
		F7A5F3691A3AC85F00B69D84 /* AMWaveTransition.h */ = {isa = PBXFileReference; fileEncoding = 4; lastKnownFileType = sourcecode.c.h; path = AMWaveTransition.h; sourceTree = "<group>"; };
		F7A5F36A1A3AC85F00B69D84 /* AMWaveTransition.m */ = {isa = PBXFileReference; fileEncoding = 4; lastKnownFileType = sourcecode.c.objc; path = AMWaveTransition.m; sourceTree = "<group>"; };
		F7A5F36B1A3AC85F00B69D84 /* AMWaveViewController.h */ = {isa = PBXFileReference; fileEncoding = 4; lastKnownFileType = sourcecode.c.h; path = AMWaveViewController.h; sourceTree = "<group>"; };
		F7A5F36C1A3AC85F00B69D84 /* AMWaveViewController.m */ = {isa = PBXFileReference; fileEncoding = 4; lastKnownFileType = sourcecode.c.objc; path = AMWaveViewController.m; sourceTree = "<group>"; };
		F7BFCC991A25C4B700596828 /* SwiftData.swift */ = {isa = PBXFileReference; fileEncoding = 4; lastKnownFileType = sourcecode.swift; path = SwiftData.swift; sourceTree = "<group>"; };
		F7BFCC9B1A25C57200596828 /* libsqlite3.dylib */ = {isa = PBXFileReference; lastKnownFileType = "compiled.mach-o.dylib"; name = libsqlite3.dylib; path = usr/lib/libsqlite3.dylib; sourceTree = SDKROOT; };
		F7BFCC9D1A25C67800596828 /* ToDoListApp-Bridging-Header.h */ = {isa = PBXFileReference; lastKnownFileType = sourcecode.c.h; path = "ToDoListApp-Bridging-Header.h"; sourceTree = "<group>"; };
		F7BFCC9E1A25C67800596828 /* bridging.h */ = {isa = PBXFileReference; fileEncoding = 4; lastKnownFileType = sourcecode.c.h; path = bridging.h; sourceTree = "<group>"; };
		F7BFCC9F1A25C67800596828 /* bridging.m */ = {isa = PBXFileReference; fileEncoding = 4; lastKnownFileType = sourcecode.c.objc; path = bridging.m; sourceTree = "<group>"; };
		F7BFCCA11A25D89A00596828 /* SqliteHelper.swift */ = {isa = PBXFileReference; fileEncoding = 4; lastKnownFileType = sourcecode.swift; path = SqliteHelper.swift; sourceTree = "<group>"; };
		F7BFCCA41A26FE5500596828 /* GenerateString.swift */ = {isa = PBXFileReference; fileEncoding = 4; lastKnownFileType = sourcecode.swift; path = GenerateString.swift; sourceTree = "<group>"; };
		F7BFCCA71A2704C200596828 /* ExtensionString.swift */ = {isa = PBXFileReference; fileEncoding = 4; lastKnownFileType = sourcecode.swift; path = ExtensionString.swift; sourceTree = "<group>"; };
		F7BFCCA91A27085B00596828 /* NSString+MessageDigest.h */ = {isa = PBXFileReference; fileEncoding = 4; lastKnownFileType = sourcecode.c.h; path = "NSString+MessageDigest.h"; sourceTree = "<group>"; };
		F7BFCCAA1A27085B00596828 /* NSString+MessageDigest.m */ = {isa = PBXFileReference; fileEncoding = 4; lastKnownFileType = sourcecode.c.objc; path = "NSString+MessageDigest.m"; sourceTree = "<group>"; };
		F7EAABDB1A36DBC70054E6C3 /* icon_emergency@2x.png */ = {isa = PBXFileReference; lastKnownFileType = image.png; path = "icon_emergency@2x.png"; sourceTree = "<group>"; };
		F7EAABDC1A36DBC70054E6C3 /* icon_finishTask@2x.png */ = {isa = PBXFileReference; lastKnownFileType = image.png; path = "icon_finishTask@2x.png"; sourceTree = "<group>"; };
		F7EAABDD1A36DBC70054E6C3 /* icon_hasFinishTask@2x.png */ = {isa = PBXFileReference; lastKnownFileType = image.png; path = "icon_hasFinishTask@2x.png"; sourceTree = "<group>"; };
		F7EAABDE1A36DBC70054E6C3 /* icon_sort@2x.png */ = {isa = PBXFileReference; lastKnownFileType = image.png; path = "icon_sort@2x.png"; sourceTree = "<group>"; };
		F7EAABDF1A36DBC70054E6C3 /* icon_todoTask@2x.png */ = {isa = PBXFileReference; lastKnownFileType = image.png; path = "icon_todoTask@2x.png"; sourceTree = "<group>"; };
		F7F7D84D1A0082D800D3B7B9 /* TodoListDate.storyboard */ = {isa = PBXFileReference; fileEncoding = 4; lastKnownFileType = file.storyboard; path = TodoListDate.storyboard; sourceTree = "<group>"; };
		F7F7D84F1A00855F00D3B7B9 /* DatePickerController.swift */ = {isa = PBXFileReference; fileEncoding = 4; lastKnownFileType = sourcecode.swift; path = DatePickerController.swift; sourceTree = "<group>"; };
/* End PBXFileReference section */

/* Begin PBXFrameworksBuildPhase section */
		F79610C119FF737600F7EC51 /* Frameworks */ = {
			isa = PBXFrameworksBuildPhase;
			buildActionMask = 2147483647;
			files = (
				F7BFCC9C1A25C57200596828 /* libsqlite3.dylib in Frameworks */,
				F79DE9251A37E544000DF3CE /* AudioToolbox.framework in Frameworks */,
			);
			runOnlyForDeploymentPostprocessing = 0;
		};
		F79610D619FF737600F7EC51 /* Frameworks */ = {
			isa = PBXFrameworksBuildPhase;
			buildActionMask = 2147483647;
			files = (
			);
			runOnlyForDeploymentPostprocessing = 0;
		};
/* End PBXFrameworksBuildPhase section */

/* Begin PBXGroup section */
		D0C2993F1A136318006F8786 /* control */ = {
			isa = PBXGroup;
			children = (
				D0C299401A13638C006F8786 /* CheckBox.swift */,
			);
			path = control;
			sourceTree = "<group>";
		};
		D0CC8BCA1A1448400001A82A /* xib */ = {
			isa = PBXGroup;
			children = (
				D0CC8BCB1A1448810001A82A /* TodoItemCell.xib */,
				D0CC8BDC1A14865E0001A82A /* TodoItemTableViewCell.swift */,
				D0CC8BE21A14A8460001A82A /* HeaderVC.swift */,
				D0CC8BE31A14A8460001A82A /* HeaderVC.xib */,
				D094D5C91A19C43700BFEB53 /* TodoListTabBar.swift */,
				D094D5CA1A19C43700BFEB53 /* TodoListTabBar.xib */,
			);
			path = xib;
			sourceTree = "<group>";
		};
		F743606F1A020F4600B58E66 /* image */ = {
			isa = PBXGroup;
			children = (
				F7EAABDB1A36DBC70054E6C3 /* icon_emergency@2x.png */,
				F7EAABDC1A36DBC70054E6C3 /* icon_finishTask@2x.png */,
				F7EAABDD1A36DBC70054E6C3 /* icon_hasFinishTask@2x.png */,
				F7EAABDE1A36DBC70054E6C3 /* icon_sort@2x.png */,
				F7EAABDF1A36DBC70054E6C3 /* icon_todoTask@2x.png */,
				F78A8B371A357E4B00CBA32E /* burger@2x.png */,
				D0DE7C3A1A1B1CB100C206F5 /* icon-afternoon_tea@2x.png */,
				D0DE7C3B1A1B1CB100C206F5 /* icon-contacts@2x.png */,
				D0DE7C3C1A1B1CB100C206F5 /* icon-more@2x.png */,
				D094D5CD1A19C97000BFEB53 /* emergencyTask@2x.png */,
				D083E9001A15F11200ADA68E /* IOS8Text@2x.png */,
				D0CC8BD51A14500E0001A82A /* iii@2x.png */,
				D0CC8BD11A144F550001A82A /* icon_checkbox_default@2x.png */,
				D0CC8BD21A144F550001A82A /* icon_checkbox_selected@2x.png */,
				F74360701A02101300B58E66 /* icon-calendar@2x.png */,
			);
			path = image;
			sourceTree = "<group>";
		};
		F74A338D19FFA03800F5BA5A /* cells */ = {
			isa = PBXGroup;
			children = (
				F74A338E19FFA04F00F5BA5A /* TodoListBaseCell.swift */,
				F74A339119FFA1D300F5BA5A /* TodoListCheckCell.swift */,
				F74A339A19FFA8F300F5BA5A /* TodoListPickerCell.swift */,
				F74A339C19FFA92600F5BA5A /* TodoListDateCell.swift */,
			);
			path = cells;
			sourceTree = "<group>";
		};
		F74A339019FFA10900F5BA5A /* controllers */ = {
			isa = PBXGroup;
			children = (
				F79610EA19FF74C800F7EC51 /* TodoListTableViewController.swift */,
				F79610EB19FF74C800F7EC51 /* UserAddVC.swift */,
				F7F7D84F1A00855F00D3B7B9 /* DatePickerController.swift */,
				F743606D1A01E3FC00B58E66 /* TodoListDateTableViewController.swift */,
				D0DE7C401A1B4BC800C206F5 /* NewTaskViewController.swift */,
				D0DE7C421A1B50AF00C206F5 /* TableViewController.swift */,
				D08241B21A1DF897009FC2A5 /* CustomerTabBarViewController.swift */,
				F78A8B3D1A3584CA00CBA32E /* SideBarTableViewController.swift */,
				F78A8B3F1A35894300CBA32E /* SideBarNavigation.swift */,
			);
			path = controllers;
			sourceTree = "<group>";
		};
		F74A339319FFA30D00F5BA5A /* descriptor */ = {
			isa = PBXGroup;
			children = (
				F74A339419FFA34800F5BA5A /* TodoListDescriptor.swift */,
				F74A339619FFA35F00F5BA5A /* TodoListRowDescriptor.swift */,
				F74A339819FFA38000F5BA5A /* TodoListSectionDescriptor.swift */,
			);
			path = descriptor;
			sourceTree = "<group>";
		};
		F79610BB19FF737600F7EC51 = {
			isa = PBXGroup;
			children = (
				F79DE9241A37E544000DF3CE /* AudioToolbox.framework */,
				F7BFCC9B1A25C57200596828 /* libsqlite3.dylib */,
				F79610C619FF737600F7EC51 /* ToDoListApp */,
				F79610DC19FF737600F7EC51 /* ToDoListAppTests */,
				F79610C519FF737600F7EC51 /* Products */,
			);
			sourceTree = "<group>";
		};
		F79610C519FF737600F7EC51 /* Products */ = {
			isa = PBXGroup;
			children = (
				F79610C419FF737600F7EC51 /* ToDoListApp.app */,
				F79610D919FF737600F7EC51 /* ToDoListAppTests.xctest */,
			);
			name = Products;
			sourceTree = "<group>";
		};
		F79610C619FF737600F7EC51 /* ToDoListApp */ = {
			isa = PBXGroup;
			children = (
				F79DE9261A37E544000DF3CE /* ToDoListApp.entitlements */,
				F7BFCCA61A27047A00596828 /* ExtensionClasses */,
				F7BFCC981A25C4B700596828 /* thirdpart */,
				D0C2993F1A136318006F8786 /* control */,
				F743606F1A020F4600B58E66 /* image */,
				F7F7D84C1A0082CB00D3B7B9 /* Views */,
				F74A339319FFA30D00F5BA5A /* descriptor */,
				F74A339019FFA10900F5BA5A /* controllers */,
				F74A338D19FFA03800F5BA5A /* cells */,
				F79610E919FF74C800F7EC51 /* TodoListHelper.swift */,
				F79610C919FF737600F7EC51 /* AppDelegate.swift */,
				F79610CB19FF737600F7EC51 /* ViewController.swift */,
				F79610CD19FF737600F7EC51 /* Main.storyboard */,
				F79610D019FF737600F7EC51 /* Images.xcassets */,
				F79610D219FF737600F7EC51 /* LaunchScreen.xib */,
				F79610C719FF737600F7EC51 /* Supporting Files */,
				D05668691A1C6F5E002FEC80 /* TestAutoLayoutStoryboard.storyboard */,
				D056686B1A1DC4CC002FEC80 /* TestViewController.swift */,
				F7BFCC9E1A25C67800596828 /* bridging.h */,
				F7BFCC9F1A25C67800596828 /* bridging.m */,
				F7BFCC9D1A25C67800596828 /* ToDoListApp-Bridging-Header.h */,
				F7BFCCA11A25D89A00596828 /* SqliteHelper.swift */,
				F7BFCCA41A26FE5500596828 /* GenerateString.swift */,
				F7BFCCA91A27085B00596828 /* NSString+MessageDigest.h */,
				F7BFCCAA1A27085B00596828 /* NSString+MessageDigest.m */,
			);
			path = ToDoListApp;
			sourceTree = "<group>";
		};
		F79610C719FF737600F7EC51 /* Supporting Files */ = {
			isa = PBXGroup;
			children = (
				F79DE92C1A37F8C1000DF3CE /* Alarm.mp3 */,
				F79610C819FF737600F7EC51 /* Info.plist */,
			);
			name = "Supporting Files";
			sourceTree = "<group>";
		};
		F79610DC19FF737600F7EC51 /* ToDoListAppTests */ = {
			isa = PBXGroup;
			children = (
				F79610DF19FF737600F7EC51 /* ToDoListAppTests.swift */,
				F79610DD19FF737600F7EC51 /* Supporting Files */,
			);
			path = ToDoListAppTests;
			sourceTree = "<group>";
		};
		F79610DD19FF737600F7EC51 /* Supporting Files */ = {
			isa = PBXGroup;
			children = (
				F79610DE19FF737600F7EC51 /* Info.plist */,
			);
			name = "Supporting Files";
			sourceTree = "<group>";
		};
		F79B6E7C1A2F20DB007880A7 /* PKHUD */ = {
			isa = PBXGroup;
			children = (
				F79B6E7D1A2F20DB007880A7 /* FrameView.swift */,
				F79B6E7E1A2F20DB007880A7 /* HUDAssets.swift */,
				F79B6E7F1A2F20DB007880A7 /* HUDContentView.swift */,
				F79B6E801A2F20DB007880A7 /* HUDController.swift */,
				F79B6E811A2F20DB007880A7 /* Images.xcassets */,
				F79B6E821A2F20DB007880A7 /* Info.plist */,
				F79B6E831A2F20DB007880A7 /* PKHUD.h */,
				F79B6E841A2F20DB007880A7 /* Window.swift */,
				F79B6E851A2F20DB007880A7 /* WindowRootViewController.swift */,
			);
			path = PKHUD;
			sourceTree = "<group>";
		};
		F7A5F3681A3AC85F00B69D84 /* AMWaveTransition */ = {
			isa = PBXGroup;
			children = (
				F7A5F3691A3AC85F00B69D84 /* AMWaveTransition.h */,
				F7A5F36A1A3AC85F00B69D84 /* AMWaveTransition.m */,
				F7A5F36B1A3AC85F00B69D84 /* AMWaveViewController.h */,
				F7A5F36C1A3AC85F00B69D84 /* AMWaveViewController.m */,
			);
			path = AMWaveTransition;
			sourceTree = "<group>";
		};
		F7BFCC981A25C4B700596828 /* thirdpart */ = {
			isa = PBXGroup;
			children = (
				F7A5F3681A3AC85F00B69D84 /* AMWaveTransition */,
				F78A8B391A35847800CBA32E /* ENSideMenu.swift */,
				F78A8B3A1A35847800CBA32E /* ENSideMenuNavigationController.swift */,
				F79B6E7C1A2F20DB007880A7 /* PKHUD */,
				F7BFCC991A25C4B700596828 /* SwiftData.swift */,
			);
			path = thirdpart;
			sourceTree = "<group>";
		};
		F7BFCCA61A27047A00596828 /* ExtensionClasses */ = {
			isa = PBXGroup;
			children = (
				F7BFCCA71A2704C200596828 /* ExtensionString.swift */,
			);
			path = ExtensionClasses;
			sourceTree = "<group>";
		};
		F7F7D84C1A0082CB00D3B7B9 /* Views */ = {
			isa = PBXGroup;
			children = (
				D0CC8BCA1A1448400001A82A /* xib */,
				F7F7D84D1A0082D800D3B7B9 /* TodoListDate.storyboard */,
			);
			path = Views;
			sourceTree = "<group>";
		};
/* End PBXGroup section */

/* Begin PBXNativeTarget section */
		F79610C319FF737600F7EC51 /* ToDoListApp */ = {
			isa = PBXNativeTarget;
			buildConfigurationList = F79610E319FF737600F7EC51 /* Build configuration list for PBXNativeTarget "ToDoListApp" */;
			buildPhases = (
				F79610C019FF737600F7EC51 /* Sources */,
				F79610C119FF737600F7EC51 /* Frameworks */,
				F79610C219FF737600F7EC51 /* Resources */,
			);
			buildRules = (
			);
			dependencies = (
			);
			name = ToDoListApp;
			productName = ToDoListApp;
			productReference = F79610C419FF737600F7EC51 /* ToDoListApp.app */;
			productType = "com.apple.product-type.application";
		};
		F79610D819FF737600F7EC51 /* ToDoListAppTests */ = {
			isa = PBXNativeTarget;
			buildConfigurationList = F79610E619FF737600F7EC51 /* Build configuration list for PBXNativeTarget "ToDoListAppTests" */;
			buildPhases = (
				F79610D519FF737600F7EC51 /* Sources */,
				F79610D619FF737600F7EC51 /* Frameworks */,
				F79610D719FF737600F7EC51 /* Resources */,
			);
			buildRules = (
			);
			dependencies = (
				F79610DB19FF737600F7EC51 /* PBXTargetDependency */,
			);
			name = ToDoListAppTests;
			productName = ToDoListAppTests;
			productReference = F79610D919FF737600F7EC51 /* ToDoListAppTests.xctest */;
			productType = "com.apple.product-type.bundle.unit-test";
		};
/* End PBXNativeTarget section */

/* Begin PBXProject section */
		F79610BC19FF737600F7EC51 /* Project object */ = {
			isa = PBXProject;
			attributes = {
				LastUpgradeCheck = 0610;
				ORGANIZATIONNAME = Phoenix;
				TargetAttributes = {
					F79610C319FF737600F7EC51 = {
						CreatedOnToolsVersion = 6.1;
						DevelopmentTeam = HQCKDM42WD;
						SystemCapabilities = {
							com.apple.InterAppAudio = {
								enabled = 1;
							};
						};
					};
					F79610D819FF737600F7EC51 = {
						CreatedOnToolsVersion = 6.1;
						TestTargetID = F79610C319FF737600F7EC51;
					};
				};
			};
			buildConfigurationList = F79610BF19FF737600F7EC51 /* Build configuration list for PBXProject "ToDoListApp" */;
			compatibilityVersion = "Xcode 3.2";
			developmentRegion = English;
			hasScannedForEncodings = 0;
			knownRegions = (
				en,
				Base,
			);
			mainGroup = F79610BB19FF737600F7EC51;
			productRefGroup = F79610C519FF737600F7EC51 /* Products */;
			projectDirPath = "";
			projectRoot = "";
			targets = (
				F79610C319FF737600F7EC51 /* ToDoListApp */,
				F79610D819FF737600F7EC51 /* ToDoListAppTests */,
			);
		};
/* End PBXProject section */

/* Begin PBXResourcesBuildPhase section */
		F79610C219FF737600F7EC51 /* Resources */ = {
			isa = PBXResourcesBuildPhase;
			buildActionMask = 2147483647;
			files = (
				D083E9011A15F11200ADA68E /* IOS8Text@2x.png in Resources */,
				F7EAABE11A36DBC70054E6C3 /* icon_finishTask@2x.png in Resources */,
				F78A8B381A357E4B00CBA32E /* burger@2x.png in Resources */,
				D094D5CE1A19C97000BFEB53 /* emergencyTask@2x.png in Resources */,
				D0CC8BD41A144F550001A82A /* icon_checkbox_selected@2x.png in Resources */,
				F7EAABE41A36DBC70054E6C3 /* icon_todoTask@2x.png in Resources */,
				F79610CF19FF737600F7EC51 /* Main.storyboard in Resources */,
				F7F7D84E1A0082D800D3B7B9 /* TodoListDate.storyboard in Resources */,
				D0DE7C3D1A1B1CB100C206F5 /* icon-afternoon_tea@2x.png in Resources */,
				D0DE7C3F1A1B1CB100C206F5 /* icon-more@2x.png in Resources */,
				D0CC8BE51A14A8460001A82A /* HeaderVC.xib in Resources */,
				D056686A1A1C6F5E002FEC80 /* TestAutoLayoutStoryboard.storyboard in Resources */,
				F79B6E8B1A2F20DB007880A7 /* Info.plist in Resources */,
				F79B6E8A1A2F20DB007880A7 /* Images.xcassets in Resources */,
				D094D5CC1A19C43700BFEB53 /* TodoListTabBar.xib in Resources */,
				F79610D419FF737600F7EC51 /* LaunchScreen.xib in Resources */,
				D0DE7C3E1A1B1CB100C206F5 /* icon-contacts@2x.png in Resources */,
				F7EAABE01A36DBC70054E6C3 /* icon_emergency@2x.png in Resources */,
				F74360711A02101300B58E66 /* icon-calendar@2x.png in Resources */,
				F7EAABE21A36DBC70054E6C3 /* icon_hasFinishTask@2x.png in Resources */,
				D0CC8BD31A144F550001A82A /* icon_checkbox_default@2x.png in Resources */,
				D0CC8BD61A14500E0001A82A /* iii@2x.png in Resources */,
				F7EAABE31A36DBC70054E6C3 /* icon_sort@2x.png in Resources */,
				F79610D119FF737600F7EC51 /* Images.xcassets in Resources */,
				F79DE92D1A37F8C1000DF3CE /* Alarm.mp3 in Resources */,
				D0CC8BCC1A1448810001A82A /* TodoItemCell.xib in Resources */,
			);
			runOnlyForDeploymentPostprocessing = 0;
		};
		F79610D719FF737600F7EC51 /* Resources */ = {
			isa = PBXResourcesBuildPhase;
			buildActionMask = 2147483647;
			files = (
			);
			runOnlyForDeploymentPostprocessing = 0;
		};
/* End PBXResourcesBuildPhase section */

/* Begin PBXSourcesBuildPhase section */
		F79610C019FF737600F7EC51 /* Sources */ = {
			isa = PBXSourcesBuildPhase;
			buildActionMask = 2147483647;
			files = (
				D0DE7C411A1B4BC800C206F5 /* NewTaskViewController.swift in Sources */,
				D0CC8BE41A14A8460001A82A /* HeaderVC.swift in Sources */,
				F78A8B3B1A35847800CBA32E /* ENSideMenu.swift in Sources */,
				F7BFCCA21A25D89A00596828 /* SqliteHelper.swift in Sources */,
				F74A339919FFA38000F5BA5A /* TodoListSectionDescriptor.swift in Sources */,
				F7BFCCA01A25C67800596828 /* bridging.m in Sources */,
				F78A8B401A35894300CBA32E /* SideBarNavigation.swift in Sources */,
				D0DE7C431A1B50AF00C206F5 /* TableViewController.swift in Sources */,
				F79610CC19FF737600F7EC51 /* ViewController.swift in Sources */,
				F7BFCCAB1A27085B00596828 /* NSString+MessageDigest.m in Sources */,
				F79610EE19FF74C800F7EC51 /* UserAddVC.swift in Sources */,
				F74A339B19FFA8F300F5BA5A /* TodoListPickerCell.swift in Sources */,
				D056686C1A1DC4CC002FEC80 /* TestViewController.swift in Sources */,
				F79610EC19FF74C800F7EC51 /* TodoListHelper.swift in Sources */,
				F74A339D19FFA92600F5BA5A /* TodoListDateCell.swift in Sources */,
				D094D5CB1A19C43700BFEB53 /* TodoListTabBar.swift in Sources */,
				F74A339219FFA1D300F5BA5A /* TodoListCheckCell.swift in Sources */,
				F7A5F36E1A3AC85F00B69D84 /* AMWaveViewController.m in Sources */,
				F74A339519FFA34800F5BA5A /* TodoListDescriptor.swift in Sources */,
				F7BFCC9A1A25C4B700596828 /* SwiftData.swift in Sources */,
				F79610CA19FF737600F7EC51 /* AppDelegate.swift in Sources */,
				F743606E1A01E3FC00B58E66 /* TodoListDateTableViewController.swift in Sources */,
				F7A5F36D1A3AC85F00B69D84 /* AMWaveTransition.m in Sources */,
				F79B6E891A2F20DB007880A7 /* HUDController.swift in Sources */,
				F74A338F19FFA04F00F5BA5A /* TodoListBaseCell.swift in Sources */,
				F79B6E871A2F20DB007880A7 /* HUDAssets.swift in Sources */,
				F79B6E8D1A2F20DB007880A7 /* WindowRootViewController.swift in Sources */,
				F78A8B3C1A35847800CBA32E /* ENSideMenuNavigationController.swift in Sources */,
				F74A339719FFA35F00F5BA5A /* TodoListRowDescriptor.swift in Sources */,
				F79B6E881A2F20DB007880A7 /* HUDContentView.swift in Sources */,
				F7F7D8501A00855F00D3B7B9 /* DatePickerController.swift in Sources */,
				F79610ED19FF74C800F7EC51 /* TodoListTableViewController.swift in Sources */,
				D0CC8BDD1A14865E0001A82A /* TodoItemTableViewCell.swift in Sources */,
				F7BFCCA81A2704C200596828 /* ExtensionString.swift in Sources */,
				F78A8B3E1A3584CA00CBA32E /* SideBarTableViewController.swift in Sources */,
				D08241B31A1DF897009FC2A5 /* CustomerTabBarViewController.swift in Sources */,
				D0C299411A13638C006F8786 /* CheckBox.swift in Sources */,
				F7BFCCA51A26FE5500596828 /* GenerateString.swift in Sources */,
				F79B6E861A2F20DB007880A7 /* FrameView.swift in Sources */,
				F79B6E8C1A2F20DB007880A7 /* Window.swift in Sources */,
			);
			runOnlyForDeploymentPostprocessing = 0;
		};
		F79610D519FF737600F7EC51 /* Sources */ = {
			isa = PBXSourcesBuildPhase;
			buildActionMask = 2147483647;
			files = (
				F79610E019FF737600F7EC51 /* ToDoListAppTests.swift in Sources */,
			);
			runOnlyForDeploymentPostprocessing = 0;
		};
/* End PBXSourcesBuildPhase section */

/* Begin PBXTargetDependency section */
		F79610DB19FF737600F7EC51 /* PBXTargetDependency */ = {
			isa = PBXTargetDependency;
			target = F79610C319FF737600F7EC51 /* ToDoListApp */;
			targetProxy = F79610DA19FF737600F7EC51 /* PBXContainerItemProxy */;
		};
/* End PBXTargetDependency section */

/* Begin PBXVariantGroup section */
		F79610CD19FF737600F7EC51 /* Main.storyboard */ = {
			isa = PBXVariantGroup;
			children = (
				F79610CE19FF737600F7EC51 /* Base */,
			);
			name = Main.storyboard;
			sourceTree = "<group>";
		};
		F79610D219FF737600F7EC51 /* LaunchScreen.xib */ = {
			isa = PBXVariantGroup;
			children = (
				F79610D319FF737600F7EC51 /* Base */,
			);
			name = LaunchScreen.xib;
			sourceTree = "<group>";
		};
/* End PBXVariantGroup section */

/* Begin XCBuildConfiguration section */
		F79610E119FF737600F7EC51 /* Debug */ = {
			isa = XCBuildConfiguration;
			buildSettings = {
				ALWAYS_SEARCH_USER_PATHS = NO;
				CLANG_CXX_LANGUAGE_STANDARD = "gnu++0x";
				CLANG_CXX_LIBRARY = "libc++";
				CLANG_ENABLE_MODULES = YES;
				CLANG_ENABLE_OBJC_ARC = YES;
				CLANG_WARN_BOOL_CONVERSION = YES;
				CLANG_WARN_CONSTANT_CONVERSION = YES;
				CLANG_WARN_DIRECT_OBJC_ISA_USAGE = YES_ERROR;
				CLANG_WARN_EMPTY_BODY = YES;
				CLANG_WARN_ENUM_CONVERSION = YES;
				CLANG_WARN_INT_CONVERSION = YES;
				CLANG_WARN_OBJC_ROOT_CLASS = YES_ERROR;
				CLANG_WARN_UNREACHABLE_CODE = YES;
				CLANG_WARN__DUPLICATE_METHOD_MATCH = YES;
				"CODE_SIGN_IDENTITY[sdk=iphoneos*]" = "iPhone Developer";
				COPY_PHASE_STRIP = NO;
				ENABLE_STRICT_OBJC_MSGSEND = YES;
				GCC_C_LANGUAGE_STANDARD = gnu99;
				GCC_DYNAMIC_NO_PIC = NO;
				GCC_OPTIMIZATION_LEVEL = 0;
				GCC_PREPROCESSOR_DEFINITIONS = (
					"DEBUG=1",
					"$(inherited)",
				);
				GCC_SYMBOLS_PRIVATE_EXTERN = NO;
				GCC_WARN_64_TO_32_BIT_CONVERSION = YES;
				GCC_WARN_ABOUT_RETURN_TYPE = YES_ERROR;
				GCC_WARN_UNDECLARED_SELECTOR = YES;
				GCC_WARN_UNINITIALIZED_AUTOS = YES_AGGRESSIVE;
				GCC_WARN_UNUSED_FUNCTION = YES;
				GCC_WARN_UNUSED_VARIABLE = YES;
				IPHONEOS_DEPLOYMENT_TARGET = 8.0;
				MTL_ENABLE_DEBUG_INFO = YES;
				ONLY_ACTIVE_ARCH = YES;
				SDKROOT = iphoneos;
				SWIFT_OPTIMIZATION_LEVEL = "-Onone";
			};
			name = Debug;
		};
		F79610E219FF737600F7EC51 /* Release */ = {
			isa = XCBuildConfiguration;
			buildSettings = {
				ALWAYS_SEARCH_USER_PATHS = NO;
				CLANG_CXX_LANGUAGE_STANDARD = "gnu++0x";
				CLANG_CXX_LIBRARY = "libc++";
				CLANG_ENABLE_MODULES = YES;
				CLANG_ENABLE_OBJC_ARC = YES;
				CLANG_WARN_BOOL_CONVERSION = YES;
				CLANG_WARN_CONSTANT_CONVERSION = YES;
				CLANG_WARN_DIRECT_OBJC_ISA_USAGE = YES_ERROR;
				CLANG_WARN_EMPTY_BODY = YES;
				CLANG_WARN_ENUM_CONVERSION = YES;
				CLANG_WARN_INT_CONVERSION = YES;
				CLANG_WARN_OBJC_ROOT_CLASS = YES_ERROR;
				CLANG_WARN_UNREACHABLE_CODE = YES;
				CLANG_WARN__DUPLICATE_METHOD_MATCH = YES;
				"CODE_SIGN_IDENTITY[sdk=iphoneos*]" = "iPhone Developer";
				COPY_PHASE_STRIP = YES;
				ENABLE_NS_ASSERTIONS = NO;
				ENABLE_STRICT_OBJC_MSGSEND = YES;
				GCC_C_LANGUAGE_STANDARD = gnu99;
				GCC_WARN_64_TO_32_BIT_CONVERSION = YES;
				GCC_WARN_ABOUT_RETURN_TYPE = YES_ERROR;
				GCC_WARN_UNDECLARED_SELECTOR = YES;
				GCC_WARN_UNINITIALIZED_AUTOS = YES_AGGRESSIVE;
				GCC_WARN_UNUSED_FUNCTION = YES;
				GCC_WARN_UNUSED_VARIABLE = YES;
				IPHONEOS_DEPLOYMENT_TARGET = 8.0;
				MTL_ENABLE_DEBUG_INFO = NO;
				SDKROOT = iphoneos;
				VALIDATE_PRODUCT = YES;
			};
			name = Release;
		};
		F79610E419FF737600F7EC51 /* Debug */ = {
			isa = XCBuildConfiguration;
			buildSettings = {
				ASSETCATALOG_COMPILER_APPICON_NAME = AppIcon;
				CLANG_ENABLE_MODULES = YES;
				CODE_SIGN_ENTITLEMENTS = ToDoListApp/ToDoListApp.entitlements;
				CODE_SIGN_IDENTITY = "iPhone Developer";
				"CODE_SIGN_IDENTITY[sdk=iphoneos*]" = "iPhone Developer";
				INFOPLIST_FILE = ToDoListApp/Info.plist;
				LD_RUNPATH_SEARCH_PATHS = "$(inherited) @executable_path/Frameworks";
				PRODUCT_NAME = "$(TARGET_NAME)";
				PROVISIONING_PROFILE = "";
				SWIFT_OBJC_BRIDGING_HEADER = "ToDoListApp/ToDoListApp-Bridging-Header.h";
				SWIFT_OPTIMIZATION_LEVEL = "-Onone";
			};
			name = Debug;
		};
		F79610E519FF737600F7EC51 /* Release */ = {
			isa = XCBuildConfiguration;
			buildSettings = {
				ASSETCATALOG_COMPILER_APPICON_NAME = AppIcon;
				CLANG_ENABLE_MODULES = YES;
				CODE_SIGN_ENTITLEMENTS = ToDoListApp/ToDoListApp.entitlements;
				CODE_SIGN_IDENTITY = "iPhone Developer";
				"CODE_SIGN_IDENTITY[sdk=iphoneos*]" = "iPhone Developer";
				INFOPLIST_FILE = ToDoListApp/Info.plist;
				LD_RUNPATH_SEARCH_PATHS = "$(inherited) @executable_path/Frameworks";
				PRODUCT_NAME = "$(TARGET_NAME)";
				PROVISIONING_PROFILE = "";
				SWIFT_OBJC_BRIDGING_HEADER = "ToDoListApp/ToDoListApp-Bridging-Header.h";
			};
			name = Release;
		};
		F79610E719FF737600F7EC51 /* Debug */ = {
			isa = XCBuildConfiguration;
			buildSettings = {
				BUNDLE_LOADER = "$(TEST_HOST)";
				FRAMEWORK_SEARCH_PATHS = (
					"$(SDKROOT)/Developer/Library/Frameworks",
					"$(inherited)",
				);
				GCC_PREPROCESSOR_DEFINITIONS = (
					"DEBUG=1",
					"$(inherited)",
				);
				INFOPLIST_FILE = ToDoListAppTests/Info.plist;
				LD_RUNPATH_SEARCH_PATHS = "$(inherited) @executable_path/Frameworks @loader_path/Frameworks";
				PRODUCT_NAME = "$(TARGET_NAME)";
				TEST_HOST = "$(BUILT_PRODUCTS_DIR)/ToDoListApp.app/ToDoListApp";
			};
			name = Debug;
		};
		F79610E819FF737600F7EC51 /* Release */ = {
			isa = XCBuildConfiguration;
			buildSettings = {
				BUNDLE_LOADER = "$(TEST_HOST)";
				FRAMEWORK_SEARCH_PATHS = (
					"$(SDKROOT)/Developer/Library/Frameworks",
					"$(inherited)",
				);
				INFOPLIST_FILE = ToDoListAppTests/Info.plist;
				LD_RUNPATH_SEARCH_PATHS = "$(inherited) @executable_path/Frameworks @loader_path/Frameworks";
				PRODUCT_NAME = "$(TARGET_NAME)";
				TEST_HOST = "$(BUILT_PRODUCTS_DIR)/ToDoListApp.app/ToDoListApp";
			};
			name = Release;
		};
/* End XCBuildConfiguration section */

/* Begin XCConfigurationList section */
		F79610BF19FF737600F7EC51 /* Build configuration list for PBXProject "ToDoListApp" */ = {
			isa = XCConfigurationList;
			buildConfigurations = (
				F79610E119FF737600F7EC51 /* Debug */,
				F79610E219FF737600F7EC51 /* Release */,
			);
			defaultConfigurationIsVisible = 0;
			defaultConfigurationName = Release;
		};
		F79610E319FF737600F7EC51 /* Build configuration list for PBXNativeTarget "ToDoListApp" */ = {
			isa = XCConfigurationList;
			buildConfigurations = (
				F79610E419FF737600F7EC51 /* Debug */,
				F79610E519FF737600F7EC51 /* Release */,
			);
			defaultConfigurationIsVisible = 0;
			defaultConfigurationName = Release;
		};
		F79610E619FF737600F7EC51 /* Build configuration list for PBXNativeTarget "ToDoListAppTests" */ = {
			isa = XCConfigurationList;
			buildConfigurations = (
				F79610E719FF737600F7EC51 /* Debug */,
				F79610E819FF737600F7EC51 /* Release */,
			);
			defaultConfigurationIsVisible = 0;
			defaultConfigurationName = Release;
		};
/* End XCConfigurationList section */
	};
	rootObject = F79610BC19FF737600F7EC51 /* Project object */;
}
